
Microsoft Visual Studio Solution File, Format Version 12.00
# Visual Studio Version 17
VisualStudioVersion = 17.3.32811.315
MinimumVisualStudioVersion = 10.0.40219.1
Project("{FAE04EC0-301F-11D3-BF4B-00C04F79EFBC}") = "Course2", "Course2\Course2.csproj", "{9871D137-574D-42F8-A48A-835B38AF3413}"
EndProject
Global
	GlobalSection(SolutionConfigurationPlatforms) = preSolution
		Debug|Any CPU = Debug|Any CPU
		Release|Any CPU = Release|Any CPU
	EndGlobalSection
	GlobalSection(ProjectConfigurationPlatforms) = postSolution
		{9871D137-574D-42F8-A48A-835B38AF3413}.Debug|Any CPU.ActiveCfg = Debug|Any CPU
		{9871D137-574D-42F8-A48A-835B38AF3413}.Debug|Any CPU.Build.0 = Debug|Any CPU
		{9871D137-574D-42F8-A48A-835B38AF3413}.Release|Any CPU.ActiveCfg = Release|Any CPU
		{9871D137-574D-42F8-A48A-835B38AF3413}.Release|Any CPU.Build.0 = Release|Any CPU
	EndGlobalSection
	GlobalSection(SolutionProperties) = preSolution
		HideSolutionNode = FALSE
	EndGlobalSection
	GlobalSection(ExtensibilityGlobals) = postSolution
		SolutionGuid = {F323A848-B0CB-4CFD-9840-04DB6A8233A8}
	EndGlobalSection
EndGlobal
